
Microsoft Visual Studio Solution File, Format Version 12.00
# Visual Studio Version 17
VisualStudioVersion = 17.14.36717.8 d17.14
MinimumVisualStudioVersion = 10.0.40219.1
Project("{FAE04EC0-301F-11D3-BF4B-00C04F79EFBC}") = "senacflowfuncionando", "senacflowfuncionando\senacflowfuncionando.csproj", "{C9D7EDDC-6B3F-4DC2-849D-5C8AB98241A7}"
EndProject
Global
	GlobalSection(SolutionConfigurationPlatforms) = preSolution
		Debug|Any CPU = Debug|Any CPU
		Release|Any CPU = Release|Any CPU
	EndGlobalSection
	GlobalSection(ProjectConfigurationPlatforms) = postSolution
		{C9D7EDDC-6B3F-4DC2-849D-5C8AB98241A7}.Debug|Any CPU.ActiveCfg = Debug|Any CPU
		{C9D7EDDC-6B3F-4DC2-849D-5C8AB98241A7}.Debug|Any CPU.Build.0 = Debug|Any CPU
		{C9D7EDDC-6B3F-4DC2-849D-5C8AB98241A7}.Release|Any CPU.ActiveCfg = Release|Any CPU
		{C9D7EDDC-6B3F-4DC2-849D-5C8AB98241A7}.Release|Any CPU.Build.0 = Release|Any CPU
	EndGlobalSection
	GlobalSection(SolutionProperties) = preSolution
		HideSolutionNode = FALSE
	EndGlobalSection
	GlobalSection(ExtensibilityGlobals) = postSolution
		SolutionGuid = {0BD0B4D0-6F0D-4E81-926E-080F0370BFCD}
	EndGlobalSection
EndGlobal
